
Microsoft Visual Studio Solution File, Format Version 12.00
# Visual Studio Version 17
VisualStudioVersion = 17.11.35327.3
MinimumVisualStudioVersion = 10.0.40219.1
Project("{FAE04EC0-301F-11D3-BF4B-00C04F79EFBC}") = "bubble", "bubble.csproj", "{C39B97DF-7585-423D-B154-DA3FA09C84E0}"
EndProject
Global
	GlobalSection(SolutionConfigurationPlatforms) = preSolution
		Debug|Any CPU = Debug|Any CPU
		Release|Any CPU = Release|Any CPU
	EndGlobalSection
	GlobalSection(ProjectConfigurationPlatforms) = postSolution
		{C39B97DF-7585-423D-B154-DA3FA09C84E0}.Debug|Any CPU.ActiveCfg = Debug|Any CPU
		{C39B97DF-7585-423D-B154-DA3FA09C84E0}.Debug|Any CPU.Build.0 = Debug|Any CPU
		{C39B97DF-7585-423D-B154-DA3FA09C84E0}.Release|Any CPU.ActiveCfg = Release|Any CPU
		{C39B97DF-7585-423D-B154-DA3FA09C84E0}.Release|Any CPU.Build.0 = Release|Any CPU
	EndGlobalSection
	GlobalSection(SolutionProperties) = preSolution
		HideSolutionNode = FALSE
	EndGlobalSection
	GlobalSection(ExtensibilityGlobals) = postSolution
		SolutionGuid = {26423F5F-F0AA-4F1E-9862-E4327691C7EB}
	EndGlobalSection
EndGlobal
